
Microsoft Visual Studio Solution File, Format Version 12.00
# Visual Studio 14
VisualStudioVersion = 14.0.25420.1
MinimumVisualStudioVersion = 10.0.40219.1
Project("{FAE04EC0-301F-11D3-BF4B-00C04F79EFBC}") = "SsisBuild.Runner", "SsisBuild.Runner\SsisBuild.Runner.csproj", "{8B1B1E18-1BA7-4593-AFE2-76064BD213C4}"
EndProject
Project("{FAE04EC0-301F-11D3-BF4B-00C04F79EFBC}") = "SsisBuild.Builder", "SsisBuild.Builder\SsisBuild.Builder.csproj", "{01657A26-BE3B-4A6E-A193-E175096F54BA}"
EndProject
Project("{FAE04EC0-301F-11D3-BF4B-00C04F79EFBC}") = "SsisBuild.Logger", "SsisBuild.Logger\SsisBuild.Logger.csproj", "{6FADB9E9-CF51-4CAF-8B82-B4B93FD367EB}"
EndProject
Global
	GlobalSection(SolutionConfigurationPlatforms) = preSolution
		Debug|Any CPU = Debug|Any CPU
		Release|Any CPU = Release|Any CPU
	EndGlobalSection
	GlobalSection(ProjectConfigurationPlatforms) = postSolution
		{8B1B1E18-1BA7-4593-AFE2-76064BD213C4}.Debug|Any CPU.ActiveCfg = Debug|Any CPU
		{8B1B1E18-1BA7-4593-AFE2-76064BD213C4}.Debug|Any CPU.Build.0 = Debug|Any CPU
		{8B1B1E18-1BA7-4593-AFE2-76064BD213C4}.Release|Any CPU.ActiveCfg = Release|Any CPU
		{8B1B1E18-1BA7-4593-AFE2-76064BD213C4}.Release|Any CPU.Build.0 = Release|Any CPU
		{01657A26-BE3B-4A6E-A193-E175096F54BA}.Debug|Any CPU.ActiveCfg = Debug|Any CPU
		{01657A26-BE3B-4A6E-A193-E175096F54BA}.Debug|Any CPU.Build.0 = Debug|Any CPU
		{01657A26-BE3B-4A6E-A193-E175096F54BA}.Release|Any CPU.ActiveCfg = Release|Any CPU
		{01657A26-BE3B-4A6E-A193-E175096F54BA}.Release|Any CPU.Build.0 = Release|Any CPU
		{6FADB9E9-CF51-4CAF-8B82-B4B93FD367EB}.Debug|Any CPU.ActiveCfg = Debug|Any CPU
		{6FADB9E9-CF51-4CAF-8B82-B4B93FD367EB}.Debug|Any CPU.Build.0 = Debug|Any CPU
		{6FADB9E9-CF51-4CAF-8B82-B4B93FD367EB}.Release|Any CPU.ActiveCfg = Release|Any CPU
		{6FADB9E9-CF51-4CAF-8B82-B4B93FD367EB}.Release|Any CPU.Build.0 = Release|Any CPU
	EndGlobalSection
	GlobalSection(SolutionProperties) = preSolution
		HideSolutionNode = FALSE
	EndGlobalSection
EndGlobal
